schema: '2.0'
stages:
  process_data:
    cmd: python src/process_data.py
    deps:
    - path: data/raw/train.csv
      hash: md5
      md5: dcc839b108ec84741132f95a89fc1d05
      size: 4088343
    outs:
    - path: data/processed/train_dataset.pt
      hash: md5
      md5: 11adca7d9a3ff81f53a33abee313f3d3
      size: 3742782
    - path: data/processed/val_dataset.pt
      hash: md5
      md5: 890d355dbd59b99367b115ff8fa52c32
      size: 14967792
