schema: '2.0'
stages:
  process_data:
    cmd: python src/process_data.py
    deps:
    - path: data/raw/train.csv
      hash: md5
      md5: e0bfb5020430b88f65709b1af6bae5a1
      size: 4827922
    outs:
    - path: data/processed/train_dataset.pt
      hash: md5
      md5: b01bb340f6eff6338f7eb12152bda062
      size: 4439358
    - path: data/processed/val_dataset.pt
      hash: md5
      md5: 60c4a4041d3240f026ebda5025a31fe2
      size: 17756272
